// !$*UTF8*$!
{
	archiveVersion = 1;
	classes = {
	};
	objectVersion = 56;
	objects = {

/* Begin PBXBuildFile section */
		26968C0B2C72549A00DDE0A5 /* SettingView.swift in Sources */ = {isa = PBXBuildFile; fileRef = 26968C0A2C72549A00DDE0A5 /* SettingView.swift */; };
		26968C0E2C7255CD00DDE0A5 /* ListItemView.swift in Sources */ = {isa = PBXBuildFile; fileRef = 26968C0D2C7255CD00DDE0A5 /* ListItemView.swift */; };
		26968C102C73978600DDE0A5 /* MainView.swift in Sources */ = {isa = PBXBuildFile; fileRef = 26968C0F2C73978600DDE0A5 /* MainView.swift */; };
		26968C122C73986000DDE0A5 /* AlertView.swift in Sources */ = {isa = PBXBuildFile; fileRef = 26968C112C73986000DDE0A5 /* AlertView.swift */; };
		26968C142C73AC7200DDE0A5 /* ImageView.swift in Sources */ = {isa = PBXBuildFile; fileRef = 26968C132C73AC7200DDE0A5 /* ImageView.swift */; };
		26968C162C79656300DDE0A5 /* ClipboardView.swift in Sources */ = {isa = PBXBuildFile; fileRef = 26968C152C79656300DDE0A5 /* ClipboardView.swift */; };
		26DF0E5F2C6E5BC400B4A8B3 /* Hello_SwiftApp.swift in Sources */ = {isa = PBXBuildFile; fileRef = 26DF0E5E2C6E5BC400B4A8B3 /* Hello_SwiftApp.swift */; };
		26DF0E612C6E5BC400B4A8B3 /* ContentView.swift in Sources */ = {isa = PBXBuildFile; fileRef = 26DF0E602C6E5BC400B4A8B3 /* ContentView.swift */; };
		26DF0E632C6E5BC500B4A8B3 /* Assets.xcassets in Resources */ = {isa = PBXBuildFile; fileRef = 26DF0E622C6E5BC500B4A8B3 /* Assets.xcassets */; };
		26DF0E672C6E5BC500B4A8B3 /* Preview Assets.xcassets in Resources */ = {isa = PBXBuildFile; fileRef = 26DF0E662C6E5BC500B4A8B3 /* Preview Assets.xcassets */; };
		26DF0E722C6E62EF00B4A8B3 /* icon.png in Resources */ = {isa = PBXBuildFile; fileRef = 26DF0E712C6E62EF00B4A8B3 /* icon.png */; };
		26DF0E772C6EDAF000B4A8B3 /* appstore.png in Resources */ = {isa = PBXBuildFile; fileRef = 26DF0E732C6EDAF000B4A8B3 /* appstore.png */; };
		26DF0E782C6EDAF000B4A8B3 /* Assets.xcassets in Resources */ = {isa = PBXBuildFile; fileRef = 26DF0E742C6EDAF000B4A8B3 /* Assets.xcassets */; };
		26DF0E792C6EDAF000B4A8B3 /* playstore.png in Resources */ = {isa = PBXBuildFile; fileRef = 26DF0E752C6EDAF000B4A8B3 /* playstore.png */; };
		26DF0E7C2C6EDC8B00B4A8B3 /* SwiftUtils in Frameworks */ = {isa = PBXBuildFile; productRef = 26DF0E7B2C6EDC8B00B4A8B3 /* SwiftUtils */; };
		26DF0E7E2C6EDD9400B4A8B3 /* ListView.swift in Sources */ = {isa = PBXBuildFile; fileRef = 26DF0E7D2C6EDD9400B4A8B3 /* ListView.swift */; };
/* End PBXBuildFile section */

/* Begin PBXFileReference section */
		26968C0A2C72549A00DDE0A5 /* SettingView.swift */ = {isa = PBXFileReference; lastKnownFileType = sourcecode.swift; path = SettingView.swift; sourceTree = "<group>"; };
		26968C0D2C7255CD00DDE0A5 /* ListItemView.swift */ = {isa = PBXFileReference; lastKnownFileType = sourcecode.swift; path = ListItemView.swift; sourceTree = "<group>"; };
		26968C0F2C73978600DDE0A5 /* MainView.swift */ = {isa = PBXFileReference; lastKnownFileType = sourcecode.swift; path = MainView.swift; sourceTree = "<group>"; };
		26968C112C73986000DDE0A5 /* AlertView.swift */ = {isa = PBXFileReference; lastKnownFileType = sourcecode.swift; path = AlertView.swift; sourceTree = "<group>"; };
		26968C132C73AC7200DDE0A5 /* ImageView.swift */ = {isa = PBXFileReference; lastKnownFileType = sourcecode.swift; path = ImageView.swift; sourceTree = "<group>"; };
		26968C152C79656300DDE0A5 /* ClipboardView.swift */ = {isa = PBXFileReference; lastKnownFileType = sourcecode.swift; path = ClipboardView.swift; sourceTree = "<group>"; };
		26DF0E5B2C6E5BC400B4A8B3 /* Hello Swift.app */ = {isa = PBXFileReference; explicitFileType = wrapper.application; includeInIndex = 0; path = "Hello Swift.app"; sourceTree = BUILT_PRODUCTS_DIR; };
		26DF0E5E2C6E5BC400B4A8B3 /* Hello_SwiftApp.swift */ = {isa = PBXFileReference; lastKnownFileType = sourcecode.swift; path = Hello_SwiftApp.swift; sourceTree = "<group>"; };
		26DF0E602C6E5BC400B4A8B3 /* ContentView.swift */ = {isa = PBXFileReference; lastKnownFileType = sourcecode.swift; path = ContentView.swift; sourceTree = "<group>"; };
		26DF0E622C6E5BC500B4A8B3 /* Assets.xcassets */ = {isa = PBXFileReference; lastKnownFileType = folder.assetcatalog; path = Assets.xcassets; sourceTree = "<group>"; };
		26DF0E642C6E5BC500B4A8B3 /* Hello_Swift.entitlements */ = {isa = PBXFileReference; lastKnownFileType = text.plist.entitlements; path = Hello_Swift.entitlements; sourceTree = "<group>"; };
		26DF0E662C6E5BC500B4A8B3 /* Preview Assets.xcassets */ = {isa = PBXFileReference; lastKnownFileType = folder.assetcatalog; path = "Preview Assets.xcassets"; sourceTree = "<group>"; };
		26DF0E712C6E62EF00B4A8B3 /* icon.png */ = {isa = PBXFileReference; lastKnownFileType = image.png; path = icon.png; sourceTree = "<group>"; };
		26DF0E732C6EDAF000B4A8B3 /* appstore.png */ = {isa = PBXFileReference; lastKnownFileType = image.png; path = appstore.png; sourceTree = "<group>"; };
		26DF0E742C6EDAF000B4A8B3 /* Assets.xcassets */ = {isa = PBXFileReference; lastKnownFileType = folder.assetcatalog; path = Assets.xcassets; sourceTree = "<group>"; };
		26DF0E752C6EDAF000B4A8B3 /* playstore.png */ = {isa = PBXFileReference; lastKnownFileType = image.png; path = playstore.png; sourceTree = "<group>"; };
		26DF0E7D2C6EDD9400B4A8B3 /* ListView.swift */ = {isa = PBXFileReference; lastKnownFileType = sourcecode.swift; path = ListView.swift; sourceTree = "<group>"; };
/* End PBXFileReference section */

/* Begin PBXFrameworksBuildPhase section */
		26DF0E582C6E5BC400B4A8B3 /* Frameworks */ = {
			isa = PBXFrameworksBuildPhase;
			buildActionMask = 2147483647;
			files = (
				26DF0E7C2C6EDC8B00B4A8B3 /* SwiftUtils in Frameworks */,
			);
			runOnlyForDeploymentPostprocessing = 0;
		};
/* End PBXFrameworksBuildPhase section */

/* Begin PBXGroup section */
		26968C0C2C7255B000DDE0A5 /* Componets */ = {
			isa = PBXGroup;
			children = (
				26968C0D2C7255CD00DDE0A5 /* ListItemView.swift */,
			);
			path = Componets;
			sourceTree = "<group>";
		};
		26DF0E522C6E5BC300B4A8B3 = {
			isa = PBXGroup;
			children = (
				26DF0E5D2C6E5BC400B4A8B3 /* Hello Swift */,
				26DF0E5C2C6E5BC400B4A8B3 /* Products */,
			);
			sourceTree = "<group>";
		};
		26DF0E5C2C6E5BC400B4A8B3 /* Products */ = {
			isa = PBXGroup;
			children = (
				26DF0E5B2C6E5BC400B4A8B3 /* Hello Swift.app */,
			);
			name = Products;
			sourceTree = "<group>";
		};
		26DF0E5D2C6E5BC400B4A8B3 /* Hello Swift */ = {
			isa = PBXGroup;
			children = (
				26DF0E702C6E62CF00B4A8B3 /* Assets */,
				26DF0E6F2C6E5C9000B4A8B3 /* Models */,
				26DF0E6E2C6E5C8500B4A8B3 /* Services */,
				26DF0E6D2C6E5C7E00B4A8B3 /* Views */,
				26DF0E5E2C6E5BC400B4A8B3 /* Hello_SwiftApp.swift */,
				26DF0E602C6E5BC400B4A8B3 /* ContentView.swift */,
				26DF0E622C6E5BC500B4A8B3 /* Assets.xcassets */,
				26DF0E642C6E5BC500B4A8B3 /* Hello_Swift.entitlements */,
				26DF0E652C6E5BC500B4A8B3 /* Preview Content */,
			);
			path = "Hello Swift";
			sourceTree = "<group>";
		};
		26DF0E652C6E5BC500B4A8B3 /* Preview Content */ = {
			isa = PBXGroup;
			children = (
				26DF0E662C6E5BC500B4A8B3 /* Preview Assets.xcassets */,
			);
			path = "Preview Content";
			sourceTree = "<group>";
		};
		26DF0E6D2C6E5C7E00B4A8B3 /* Views */ = {
			isa = PBXGroup;
			children = (
				26968C132C73AC7200DDE0A5 /* ImageView.swift */,
				26968C0C2C7255B000DDE0A5 /* Componets */,
				26DF0E7D2C6EDD9400B4A8B3 /* ListView.swift */,
				26968C0A2C72549A00DDE0A5 /* SettingView.swift */,
				26968C0F2C73978600DDE0A5 /* MainView.swift */,
				26968C112C73986000DDE0A5 /* AlertView.swift */,
				26968C152C79656300DDE0A5 /* ClipboardView.swift */,
			);
			path = Views;
			sourceTree = "<group>";
		};
		26DF0E6E2C6E5C8500B4A8B3 /* Services */ = {
			isa = PBXGroup;
			children = (
			);
			path = Services;
			sourceTree = "<group>";
		};
		26DF0E6F2C6E5C9000B4A8B3 /* Models */ = {
			isa = PBXGroup;
			children = (
			);
			path = Models;
			sourceTree = "<group>";
		};
		26DF0E702C6E62CF00B4A8B3 /* Assets */ = {
			isa = PBXGroup;
			children = (
				26DF0E762C6EDAF000B4A8B3 /* AppIcons */,
				26DF0E712C6E62EF00B4A8B3 /* icon.png */,
			);
			path = Assets;
			sourceTree = "<group>";
		};
		26DF0E762C6EDAF000B4A8B3 /* AppIcons */ = {
			isa = PBXGroup;
			children = (
				26DF0E732C6EDAF000B4A8B3 /* appstore.png */,
				26DF0E742C6EDAF000B4A8B3 /* Assets.xcassets */,
				26DF0E752C6EDAF000B4A8B3 /* playstore.png */,
			);
			path = AppIcons;
			sourceTree = "<group>";
		};
/* End PBXGroup section */

/* Begin PBXNativeTarget section */
		26DF0E5A2C6E5BC400B4A8B3 /* Hello Swift */ = {
			isa = PBXNativeTarget;
			buildConfigurationList = 26DF0E6A2C6E5BC500B4A8B3 /* Build configuration list for PBXNativeTarget "Hello Swift" */;
			buildPhases = (
				26DF0E572C6E5BC400B4A8B3 /* Sources */,
				26DF0E582C6E5BC400B4A8B3 /* Frameworks */,
				26DF0E592C6E5BC400B4A8B3 /* Resources */,
			);
			buildRules = (
			);
			dependencies = (
			);
			name = "Hello Swift";
			packageProductDependencies = (
				26DF0E7B2C6EDC8B00B4A8B3 /* SwiftUtils */,
			);
			productName = "Hello Swift";
			productReference = 26DF0E5B2C6E5BC400B4A8B3 /* Hello Swift.app */;
			productType = "com.apple.product-type.application";
		};
/* End PBXNativeTarget section */

/* Begin PBXProject section */
		26DF0E532C6E5BC300B4A8B3 /* Project object */ = {
			isa = PBXProject;
			attributes = {
				BuildIndependentTargetsInParallel = 1;
				LastSwiftUpdateCheck = 1540;
				LastUpgradeCheck = 1540;
				TargetAttributes = {
					26DF0E5A2C6E5BC400B4A8B3 = {
						CreatedOnToolsVersion = 15.4;
					};
				};
			};
			buildConfigurationList = 26DF0E562C6E5BC300B4A8B3 /* Build configuration list for PBXProject "Hello Swift" */;
			compatibilityVersion = "Xcode 14.0";
			developmentRegion = en;
			hasScannedForEncodings = 0;
			knownRegions = (
				en,
				Base,
			);
			mainGroup = 26DF0E522C6E5BC300B4A8B3;
			packageReferences = (
				26DF0E7A2C6EDC8B00B4A8B3 /* XCRemoteSwiftPackageReference "SwiftUtils" */,
			);
			productRefGroup = 26DF0E5C2C6E5BC400B4A8B3 /* Products */;
			projectDirPath = "";
			projectRoot = "";
			targets = (
				26DF0E5A2C6E5BC400B4A8B3 /* Hello Swift */,
			);
		};
/* End PBXProject section */

/* Begin PBXResourcesBuildPhase section */
		26DF0E592C6E5BC400B4A8B3 /* Resources */ = {
			isa = PBXResourcesBuildPhase;
			buildActionMask = 2147483647;
			files = (
				26DF0E672C6E5BC500B4A8B3 /* Preview Assets.xcassets in Resources */,
				26DF0E772C6EDAF000B4A8B3 /* appstore.png in Resources */,
				26DF0E722C6E62EF00B4A8B3 /* icon.png in Resources */,
				26DF0E632C6E5BC500B4A8B3 /* Assets.xcassets in Resources */,
				26DF0E782C6EDAF000B4A8B3 /* Assets.xcassets in Resources */,
				26DF0E792C6EDAF000B4A8B3 /* playstore.png in Resources */,
			);
			runOnlyForDeploymentPostprocessing = 0;
		};
/* End PBXResourcesBuildPhase section */

/* Begin PBXSourcesBuildPhase section */
		26DF0E572C6E5BC400B4A8B3 /* Sources */ = {
			isa = PBXSourcesBuildPhase;
			buildActionMask = 2147483647;
			files = (
				26968C142C73AC7200DDE0A5 /* ImageView.swift in Sources */,
				26968C0E2C7255CD00DDE0A5 /* ListItemView.swift in Sources */,
				26968C102C73978600DDE0A5 /* MainView.swift in Sources */,
				26968C122C73986000DDE0A5 /* AlertView.swift in Sources */,
				26DF0E612C6E5BC400B4A8B3 /* ContentView.swift in Sources */,
				26968C0B2C72549A00DDE0A5 /* SettingView.swift in Sources */,
				26DF0E5F2C6E5BC400B4A8B3 /* Hello_SwiftApp.swift in Sources */,
				26DF0E7E2C6EDD9400B4A8B3 /* ListView.swift in Sources */,
				26968C162C79656300DDE0A5 /* ClipboardView.swift in Sources */,
			);
			runOnlyForDeploymentPostprocessing = 0;
		};
/* End PBXSourcesBuildPhase section */

/* Begin XCBuildConfiguration section */
		26DF0E682C6E5BC500B4A8B3 /* Debug */ = {
			isa = XCBuildConfiguration;
			buildSettings = {
				ALWAYS_SEARCH_USER_PATHS = NO;
				ASSETCATALOG_COMPILER_GENERATE_SWIFT_ASSET_SYMBOL_EXTENSIONS = YES;
				CLANG_ANALYZER_NONNULL = YES;
				CLANG_ANALYZER_NUMBER_OBJECT_CONVERSION = YES_AGGRESSIVE;
				CLANG_CXX_LANGUAGE_STANDARD = "gnu++20";
				CLANG_ENABLE_MODULES = YES;
				CLANG_ENABLE_OBJC_ARC = YES;
				CLANG_ENABLE_OBJC_WEAK = YES;
				CLANG_WARN_BLOCK_CAPTURE_AUTORELEASING = YES;
				CLANG_WARN_BOOL_CONVERSION = YES;
				CLANG_WARN_COMMA = YES;
				CLANG_WARN_CONSTANT_CONVERSION = YES;
				CLANG_WARN_DEPRECATED_OBJC_IMPLEMENTATIONS = YES;
				CLANG_WARN_DIRECT_OBJC_ISA_USAGE = YES_ERROR;
				CLANG_WARN_DOCUMENTATION_COMMENTS = YES;
				CLANG_WARN_EMPTY_BODY = YES;
				CLANG_WARN_ENUM_CONVERSION = YES;
				CLANG_WARN_INFINITE_RECURSION = YES;
				CLANG_WARN_INT_CONVERSION = YES;
				CLANG_WARN_NON_LITERAL_NULL_CONVERSION = YES;
				CLANG_WARN_OBJC_IMPLICIT_RETAIN_SELF = YES;
				CLANG_WARN_OBJC_LITERAL_CONVERSION = YES;
				CLANG_WARN_OBJC_ROOT_CLASS = YES_ERROR;
				CLANG_WARN_QUOTED_INCLUDE_IN_FRAMEWORK_HEADER = YES;
				CLANG_WARN_RANGE_LOOP_ANALYSIS = YES;
				CLANG_WARN_STRICT_PROTOTYPES = YES;
				CLANG_WARN_SUSPICIOUS_MOVE = YES;
				CLANG_WARN_UNGUARDED_AVAILABILITY = YES_AGGRESSIVE;
				CLANG_WARN_UNREACHABLE_CODE = YES;
				CLANG_WARN__DUPLICATE_METHOD_MATCH = YES;
				COPY_PHASE_STRIP = NO;
				DEBUG_INFORMATION_FORMAT = dwarf;
				ENABLE_STRICT_OBJC_MSGSEND = YES;
				ENABLE_TESTABILITY = YES;
				ENABLE_USER_SCRIPT_SANDBOXING = YES;
				GCC_C_LANGUAGE_STANDARD = gnu17;
				GCC_DYNAMIC_NO_PIC = NO;
				GCC_NO_COMMON_BLOCKS = YES;
				GCC_OPTIMIZATION_LEVEL = 0;
				GCC_PREPROCESSOR_DEFINITIONS = (
					"DEBUG=1",
					"$(inherited)",
				);
				GCC_WARN_64_TO_32_BIT_CONVERSION = YES;
				GCC_WARN_ABOUT_RETURN_TYPE = YES_ERROR;
				GCC_WARN_UNDECLARED_SELECTOR = YES;
				GCC_WARN_UNINITIALIZED_AUTOS = YES_AGGRESSIVE;
				GCC_WARN_UNUSED_FUNCTION = YES;
				GCC_WARN_UNUSED_VARIABLE = YES;
				LOCALIZATION_PREFERS_STRING_CATALOGS = YES;
				MTL_ENABLE_DEBUG_INFO = INCLUDE_SOURCE;
				MTL_FAST_MATH = YES;
				ONLY_ACTIVE_ARCH = YES;
				SWIFT_ACTIVE_COMPILATION_CONDITIONS = "DEBUG $(inherited)";
				SWIFT_OPTIMIZATION_LEVEL = "-Onone";
			};
			name = Debug;
		};
		26DF0E692C6E5BC500B4A8B3 /* Release */ = {
			isa = XCBuildConfiguration;
			buildSettings = {
				ALWAYS_SEARCH_USER_PATHS = NO;
				ASSETCATALOG_COMPILER_GENERATE_SWIFT_ASSET_SYMBOL_EXTENSIONS = YES;
				CLANG_ANALYZER_NONNULL = YES;
				CLANG_ANALYZER_NUMBER_OBJECT_CONVERSION = YES_AGGRESSIVE;
				CLANG_CXX_LANGUAGE_STANDARD = "gnu++20";
				CLANG_ENABLE_MODULES = YES;
				CLANG_ENABLE_OBJC_ARC = YES;
				CLANG_ENABLE_OBJC_WEAK = YES;
				CLANG_WARN_BLOCK_CAPTURE_AUTORELEASING = YES;
				CLANG_WARN_BOOL_CONVERSION = YES;
				CLANG_WARN_COMMA = YES;
				CLANG_WARN_CONSTANT_CONVERSION = YES;
				CLANG_WARN_DEPRECATED_OBJC_IMPLEMENTATIONS = YES;
				CLANG_WARN_DIRECT_OBJC_ISA_USAGE = YES_ERROR;
				CLANG_WARN_DOCUMENTATION_COMMENTS = YES;
				CLANG_WARN_EMPTY_BODY = YES;
				CLANG_WARN_ENUM_CONVERSION = YES;
				CLANG_WARN_INFINITE_RECURSION = YES;
				CLANG_WARN_INT_CONVERSION = YES;
				CLANG_WARN_NON_LITERAL_NULL_CONVERSION = YES;
				CLANG_WARN_OBJC_IMPLICIT_RETAIN_SELF = YES;
				CLANG_WARN_OBJC_LITERAL_CONVERSION = YES;
				CLANG_WARN_OBJC_ROOT_CLASS = YES_ERROR;
				CLANG_WARN_QUOTED_INCLUDE_IN_FRAMEWORK_HEADER = YES;
				CLANG_WARN_RANGE_LOOP_ANALYSIS = YES;
				CLANG_WARN_STRICT_PROTOTYPES = YES;
				CLANG_WARN_SUSPICIOUS_MOVE = YES;
				CLANG_WARN_UNGUARDED_AVAILABILITY = YES_AGGRESSIVE;
				CLANG_WARN_UNREACHABLE_CODE = YES;
				CLANG_WARN__DUPLICATE_METHOD_MATCH = YES;
				COPY_PHASE_STRIP = NO;
				DEBUG_INFORMATION_FORMAT = "dwarf-with-dsym";
				ENABLE_NS_ASSERTIONS = NO;
				ENABLE_STRICT_OBJC_MSGSEND = YES;
				ENABLE_USER_SCRIPT_SANDBOXING = YES;
				GCC_C_LANGUAGE_STANDARD = gnu17;
				GCC_NO_COMMON_BLOCKS = YES;
				GCC_WARN_64_TO_32_BIT_CONVERSION = YES;
				GCC_WARN_ABOUT_RETURN_TYPE = YES_ERROR;
				GCC_WARN_UNDECLARED_SELECTOR = YES;
				GCC_WARN_UNINITIALIZED_AUTOS = YES_AGGRESSIVE;
				GCC_WARN_UNUSED_FUNCTION = YES;
				GCC_WARN_UNUSED_VARIABLE = YES;
				LOCALIZATION_PREFERS_STRING_CATALOGS = YES;
				MTL_ENABLE_DEBUG_INFO = NO;
				MTL_FAST_MATH = YES;
				SWIFT_COMPILATION_MODE = wholemodule;
			};
			name = Release;
		};
		26DF0E6B2C6E5BC500B4A8B3 /* Debug */ = {
			isa = XCBuildConfiguration;
			buildSettings = {
				ASSETCATALOG_COMPILER_APPICON_NAME = AppIcon;
				ASSETCATALOG_COMPILER_GLOBAL_ACCENT_COLOR_NAME = AccentColor;
				ASSETCATALOG_COMPILER_INCLUDE_ALL_APPICON_ASSETS = YES;
				CODE_SIGN_ENTITLEMENTS = "Hello Swift/Hello_Swift.entitlements";
				CODE_SIGN_STYLE = Automatic;
				CURRENT_PROJECT_VERSION = 1;
				DEVELOPMENT_ASSET_PATHS = "\"Hello Swift/Preview Content\"";
				DEVELOPMENT_TEAM = 7PDM8RVDK9;
				ENABLE_HARDENED_RUNTIME = YES;
				ENABLE_PREVIEWS = YES;
				GENERATE_INFOPLIST_FILE = YES;
				INFOPLIST_KEY_CFBundleDisplayName = "Hello Swift";
				INFOPLIST_KEY_LSApplicationCategoryType = "public.app-category.developer-tools";
				"INFOPLIST_KEY_UIApplicationSceneManifest_Generation[sdk=iphoneos*]" = YES;
				"INFOPLIST_KEY_UIApplicationSceneManifest_Generation[sdk=iphonesimulator*]" = YES;
				"INFOPLIST_KEY_UIApplicationSupportsIndirectInputEvents[sdk=iphoneos*]" = YES;
				"INFOPLIST_KEY_UIApplicationSupportsIndirectInputEvents[sdk=iphonesimulator*]" = YES;
				"INFOPLIST_KEY_UILaunchScreen_Generation[sdk=iphoneos*]" = YES;
				"INFOPLIST_KEY_UILaunchScreen_Generation[sdk=iphonesimulator*]" = YES;
				"INFOPLIST_KEY_UIStatusBarStyle[sdk=iphoneos*]" = UIStatusBarStyleDefault;
				"INFOPLIST_KEY_UIStatusBarStyle[sdk=iphonesimulator*]" = UIStatusBarStyleDefault;
				INFOPLIST_KEY_UISupportedInterfaceOrientations_iPad = "UIInterfaceOrientationPortrait UIInterfaceOrientationPortraitUpsideDown UIInterfaceOrientationLandscapeLeft UIInterfaceOrientationLandscapeRight";
				INFOPLIST_KEY_UISupportedInterfaceOrientations_iPhone = "UIInterfaceOrientationPortrait UIInterfaceOrientationLandscapeLeft UIInterfaceOrientationLandscapeRight";
				IPHONEOS_DEPLOYMENT_TARGET = 17.5;
				LD_RUNPATH_SEARCH_PATHS = "@executable_path/Frameworks";
				"LD_RUNPATH_SEARCH_PATHS[sdk=macosx*]" = "@executable_path/../Frameworks";
				MACOSX_DEPLOYMENT_TARGET = 14.5;
				MARKETING_VERSION = 0.0.1;
				PRODUCT_BUNDLE_IDENTIFIER = "me.zzhhoo.Hello-Swift";
				PRODUCT_NAME = "$(TARGET_NAME)";
				SDKROOT = auto;
				SUPPORTED_PLATFORMS = "iphoneos iphonesimulator macosx";
				SWIFT_EMIT_LOC_STRINGS = YES;
				SWIFT_VERSION = 5.0;
				TARGETED_DEVICE_FAMILY = "1,2";
			};
			name = Debug;
		};
		26DF0E6C2C6E5BC500B4A8B3 /* Release */ = {
			isa = XCBuildConfiguration;
			buildSettings = {
				ASSETCATALOG_COMPILER_APPICON_NAME = AppIcon;
				ASSETCATALOG_COMPILER_GLOBAL_ACCENT_COLOR_NAME = AccentColor;
				ASSETCATALOG_COMPILER_INCLUDE_ALL_APPICON_ASSETS = YES;
				CODE_SIGN_ENTITLEMENTS = "Hello Swift/Hello_Swift.entitlements";
				CODE_SIGN_STYLE = Automatic;
				CURRENT_PROJECT_VERSION = 1;
				DEVELOPMENT_ASSET_PATHS = "\"Hello Swift/Preview Content\"";
				DEVELOPMENT_TEAM = 7PDM8RVDK9;
				ENABLE_HARDENED_RUNTIME = YES;
				ENABLE_PREVIEWS = YES;
				GENERATE_INFOPLIST_FILE = YES;
				INFOPLIST_KEY_CFBundleDisplayName = "Hello Swift";
				INFOPLIST_KEY_LSApplicationCategoryType = "public.app-category.developer-tools";
				"INFOPLIST_KEY_UIApplicationSceneManifest_Generation[sdk=iphoneos*]" = YES;
				"INFOPLIST_KEY_UIApplicationSceneManifest_Generation[sdk=iphonesimulator*]" = YES;
				"INFOPLIST_KEY_UIApplicationSupportsIndirectInputEvents[sdk=iphoneos*]" = YES;
				"INFOPLIST_KEY_UIApplicationSupportsIndirectInputEvents[sdk=iphonesimulator*]" = YES;
				"INFOPLIST_KEY_UILaunchScreen_Generation[sdk=iphoneos*]" = YES;
				"INFOPLIST_KEY_UILaunchScreen_Generation[sdk=iphonesimulator*]" = YES;
				"INFOPLIST_KEY_UIStatusBarStyle[sdk=iphoneos*]" = UIStatusBarStyleDefault;
				"INFOPLIST_KEY_UIStatusBarStyle[sdk=iphonesimulator*]" = UIStatusBarStyleDefault;
				INFOPLIST_KEY_UISupportedInterfaceOrientations_iPad = "UIInterfaceOrientationPortrait UIInterfaceOrientationPortraitUpsideDown UIInterfaceOrientationLandscapeLeft UIInterfaceOrientationLandscapeRight";
				INFOPLIST_KEY_UISupportedInterfaceOrientations_iPhone = "UIInterfaceOrientationPortrait UIInterfaceOrientationLandscapeLeft UIInterfaceOrientationLandscapeRight";
				IPHONEOS_DEPLOYMENT_TARGET = 17.5;
				LD_RUNPATH_SEARCH_PATHS = "@executable_path/Frameworks";
				"LD_RUNPATH_SEARCH_PATHS[sdk=macosx*]" = "@executable_path/../Frameworks";
				MACOSX_DEPLOYMENT_TARGET = 14.5;
				MARKETING_VERSION = 0.0.1;
				PRODUCT_BUNDLE_IDENTIFIER = "me.zzhhoo.Hello-Swift";
				PRODUCT_NAME = "$(TARGET_NAME)";
				SDKROOT = auto;
				SUPPORTED_PLATFORMS = "iphoneos iphonesimulator macosx";
				SWIFT_EMIT_LOC_STRINGS = YES;
				SWIFT_VERSION = 5.0;
				TARGETED_DEVICE_FAMILY = "1,2";
			};
			name = Release;
		};
/* End XCBuildConfiguration section */

/* Begin XCConfigurationList section */
		26DF0E562C6E5BC300B4A8B3 /* Build configuration list for PBXProject "Hello Swift" */ = {
			isa = XCConfigurationList;
			buildConfigurations = (
				26DF0E682C6E5BC500B4A8B3 /* Debug */,
				26DF0E692C6E5BC500B4A8B3 /* Release */,
			);
			defaultConfigurationIsVisible = 0;
			defaultConfigurationName = Release;
		};
		26DF0E6A2C6E5BC500B4A8B3 /* Build configuration list for PBXNativeTarget "Hello Swift" */ = {
			isa = XCConfigurationList;
			buildConfigurations = (
				26DF0E6B2C6E5BC500B4A8B3 /* Debug */,
				26DF0E6C2C6E5BC500B4A8B3 /* Release */,
			);
			defaultConfigurationIsVisible = 0;
			defaultConfigurationName = Release;
		};
/* End XCConfigurationList section */

/* Begin XCRemoteSwiftPackageReference section */
		26DF0E7A2C6EDC8B00B4A8B3 /* XCRemoteSwiftPackageReference "SwiftUtils" */ = {
			isa = XCRemoteSwiftPackageReference;
			repositoryURL = "https://github.com/zhihaofans/SwiftUtils";
			requirement = {
				kind = upToNextMajorVersion;
				minimumVersion = 0.0.7;
			};
		};
/* End XCRemoteSwiftPackageReference section */

/* Begin XCSwiftPackageProductDependency section */
		26DF0E7B2C6EDC8B00B4A8B3 /* SwiftUtils */ = {
			isa = XCSwiftPackageProductDependency;
			package = 26DF0E7A2C6EDC8B00B4A8B3 /* XCRemoteSwiftPackageReference "SwiftUtils" */;
			productName = SwiftUtils;
		};
/* End XCSwiftPackageProductDependency section */
	};
	rootObject = 26DF0E532C6E5BC300B4A8B3 /* Project object */;
}
